
Microsoft Visual Studio Solution File, Format Version 12.00
# Visual Studio 14
VisualStudioVersion = 14.0.24720.0
MinimumVisualStudioVersion = 10.0.40219.1
Project("{FAE04EC0-301F-11D3-BF4B-00C04F79EFBC}") = "WeChat.SDK", "WeChat.SDK\WeChat.SDK.csproj", "{F4D0D96B-C8B1-4C11-B57C-2435CF6B3B89}"
EndProject
Project("{FAE04EC0-301F-11D3-BF4B-00C04F79EFBC}") = "Test", "Test\Test.csproj", "{674C34DC-F395-4E18-BE05-81215EFB270C}"
EndProject
Global
	GlobalSection(SolutionConfigurationPlatforms) = preSolution
		Debug|Any CPU = Debug|Any CPU
		Release|Any CPU = Release|Any CPU
	EndGlobalSection
	GlobalSection(ProjectConfigurationPlatforms) = postSolution
		{F4D0D96B-C8B1-4C11-B57C-2435CF6B3B89}.Debug|Any CPU.ActiveCfg = Debug|Any CPU
		{F4D0D96B-C8B1-4C11-B57C-2435CF6B3B89}.Debug|Any CPU.Build.0 = Debug|Any CPU
		{F4D0D96B-C8B1-4C11-B57C-2435CF6B3B89}.Release|Any CPU.ActiveCfg = Release|Any CPU
		{F4D0D96B-C8B1-4C11-B57C-2435CF6B3B89}.Release|Any CPU.Build.0 = Release|Any CPU
		{674C34DC-F395-4E18-BE05-81215EFB270C}.Debug|Any CPU.ActiveCfg = Debug|Any CPU
		{674C34DC-F395-4E18-BE05-81215EFB270C}.Debug|Any CPU.Build.0 = Debug|Any CPU
		{674C34DC-F395-4E18-BE05-81215EFB270C}.Release|Any CPU.ActiveCfg = Release|Any CPU
		{674C34DC-F395-4E18-BE05-81215EFB270C}.Release|Any CPU.Build.0 = Release|Any CPU
	EndGlobalSection
	GlobalSection(SolutionProperties) = preSolution
		HideSolutionNode = FALSE
	EndGlobalSection
EndGlobal
